
Microsoft Visual Studio Solution File, Format Version 12.00
# Visual Studio 15
VisualStudioVersion = 15.0.27130.2027
MinimumVisualStudioVersion = 10.0.40219.1
Project("{FAE04EC0-301F-11D3-BF4B-00C04F79EFBC}") = "01_进程", "01_进程\01_进程.csproj", "{F023053A-9632-43A1-8728-9F84192537A9}"
EndProject
Project("{FAE04EC0-301F-11D3-BF4B-00C04F79EFBC}") = "02_打开文件练习", "02_打开文件练习\02_打开文件练习.csproj", "{C1B6B855-8E19-4E4D-8E2A-30EAC243CF17}"
EndProject
Project("{FAE04EC0-301F-11D3-BF4B-00C04F79EFBC}") = "03_OO复习", "03_OO复习\03_OO复习.csproj", "{8B475906-34C8-4EF7-8E8B-0D7390968BB3}"
EndProject
Project("{FAE04EC0-301F-11D3-BF4B-00C04F79EFBC}") = "04_抽象类", "04_动物类继承\04_抽象类.csproj", "{7DE15E1A-0699-4856-9A35-C9F2904FA56C}"
EndProject
Project("{FAE04EC0-301F-11D3-BF4B-00C04F79EFBC}") = "05_里氏转换", "05_里氏转换\05_里氏转换.csproj", "{99B50893-13B7-427C-ADBD-6683499A651C}"
EndProject
Project("{FAE04EC0-301F-11D3-BF4B-00C04F79EFBC}") = "06_虚方法", "06_虚方法\06_虚方法.csproj", "{7ABD68F3-4801-4603-B10C-97700CD9B78B}"
EndProject
Project("{FAE04EC0-301F-11D3-BF4B-00C04F79EFBC}") = "07_静态类和静态成员", "07_静态类和静态成员\07_静态类和静态成员.csproj", "{2DCBA184-34F9-4382-878E-BC14986A1D7A}"
EndProject
Global
	GlobalSection(SolutionConfigurationPlatforms) = preSolution
		Debug|Any CPU = Debug|Any CPU
		Release|Any CPU = Release|Any CPU
	EndGlobalSection
	GlobalSection(ProjectConfigurationPlatforms) = postSolution
		{F023053A-9632-43A1-8728-9F84192537A9}.Debug|Any CPU.ActiveCfg = Debug|Any CPU
		{F023053A-9632-43A1-8728-9F84192537A9}.Debug|Any CPU.Build.0 = Debug|Any CPU
		{F023053A-9632-43A1-8728-9F84192537A9}.Release|Any CPU.ActiveCfg = Release|Any CPU
		{F023053A-9632-43A1-8728-9F84192537A9}.Release|Any CPU.Build.0 = Release|Any CPU
		{C1B6B855-8E19-4E4D-8E2A-30EAC243CF17}.Debug|Any CPU.ActiveCfg = Debug|Any CPU
		{C1B6B855-8E19-4E4D-8E2A-30EAC243CF17}.Debug|Any CPU.Build.0 = Debug|Any CPU
		{C1B6B855-8E19-4E4D-8E2A-30EAC243CF17}.Release|Any CPU.ActiveCfg = Release|Any CPU
		{C1B6B855-8E19-4E4D-8E2A-30EAC243CF17}.Release|Any CPU.Build.0 = Release|Any CPU
		{8B475906-34C8-4EF7-8E8B-0D7390968BB3}.Debug|Any CPU.ActiveCfg = Debug|Any CPU
		{8B475906-34C8-4EF7-8E8B-0D7390968BB3}.Debug|Any CPU.Build.0 = Debug|Any CPU
		{8B475906-34C8-4EF7-8E8B-0D7390968BB3}.Release|Any CPU.ActiveCfg = Release|Any CPU
		{8B475906-34C8-4EF7-8E8B-0D7390968BB3}.Release|Any CPU.Build.0 = Release|Any CPU
		{7DE15E1A-0699-4856-9A35-C9F2904FA56C}.Debug|Any CPU.ActiveCfg = Debug|Any CPU
		{7DE15E1A-0699-4856-9A35-C9F2904FA56C}.Debug|Any CPU.Build.0 = Debug|Any CPU
		{7DE15E1A-0699-4856-9A35-C9F2904FA56C}.Release|Any CPU.ActiveCfg = Release|Any CPU
		{7DE15E1A-0699-4856-9A35-C9F2904FA56C}.Release|Any CPU.Build.0 = Release|Any CPU
		{99B50893-13B7-427C-ADBD-6683499A651C}.Debug|Any CPU.ActiveCfg = Debug|Any CPU
		{99B50893-13B7-427C-ADBD-6683499A651C}.Debug|Any CPU.Build.0 = Debug|Any CPU
		{99B50893-13B7-427C-ADBD-6683499A651C}.Release|Any CPU.ActiveCfg = Release|Any CPU
		{99B50893-13B7-427C-ADBD-6683499A651C}.Release|Any CPU.Build.0 = Release|Any CPU
		{7ABD68F3-4801-4603-B10C-97700CD9B78B}.Debug|Any CPU.ActiveCfg = Debug|Any CPU
		{7ABD68F3-4801-4603-B10C-97700CD9B78B}.Debug|Any CPU.Build.0 = Debug|Any CPU
		{7ABD68F3-4801-4603-B10C-97700CD9B78B}.Release|Any CPU.ActiveCfg = Release|Any CPU
		{7ABD68F3-4801-4603-B10C-97700CD9B78B}.Release|Any CPU.Build.0 = Release|Any CPU
		{2DCBA184-34F9-4382-878E-BC14986A1D7A}.Debug|Any CPU.ActiveCfg = Debug|Any CPU
		{2DCBA184-34F9-4382-878E-BC14986A1D7A}.Debug|Any CPU.Build.0 = Debug|Any CPU
		{2DCBA184-34F9-4382-878E-BC14986A1D7A}.Release|Any CPU.ActiveCfg = Release|Any CPU
		{2DCBA184-34F9-4382-878E-BC14986A1D7A}.Release|Any CPU.Build.0 = Release|Any CPU
	EndGlobalSection
	GlobalSection(SolutionProperties) = preSolution
		HideSolutionNode = FALSE
	EndGlobalSection
	GlobalSection(ExtensibilityGlobals) = postSolution
		SolutionGuid = {A789F194-9860-4AB4-A5F3-8B60961D9538}
	EndGlobalSection
EndGlobal
